<?xml version="1.0" encoding="utf-8"?>
<Project ToolsVersion="4.0" xmlns="http://schemas.microsoft.com/developer/msbuild/2003">
  <ItemGroup>
    <Filter Include="Source Files">
      <UniqueIdentifier>{8f7ee184-9bfa-421e-83bf-cabbe46288fc}</UniqueIdentifier>
      <Extensions>cpp;c;cxx;def;odl;idl;hpj;bat;asm</Extensions>
    </Filter>
    <Filter Include="Header Files">
      <UniqueIdentifier>{a39487fd-3fa7-47f2-bce2-b2a1af14c1b0}</UniqueIdentifier>
      <Extensions>h;hpp;hxx;hm;inl;inc</Extensions>
    </Filter>
    <Filter Include="Resource Files">
      <UniqueIdentifier>{7491e44c-7eb6-4ecc-8124-4296fa175d6a}</UniqueIdentifier>
      <Extensions>rc;ico;cur;bmp;dlg;rc2;rct;bin;rgs;jpg;jpeg;jpe;manifest</Extensions>
    </Filter>
    <Filter Include="Source Files\net">
      <UniqueIdentifier>{e7c61f12-5a34-4a2f-8d12-3e45a6f89b01}</UniqueIdentifier>
    </Filter>
    <Filter Include="Source Files\system">
      <UniqueIdentifier>{f3d74e21-6b45-4c3d-9e23-4f56b7g90c12}</UniqueIdentifier>
    </Filter>
    <Filter Include="Source Files\util">
      <UniqueIdentifier>{a4e85f32-7c56-4d4e-0f34-5g67c8h01d23}</UniqueIdentifier>
    </Filter>
    <Filter Include="Header Files\net">
      <UniqueIdentifier>{b5f96g43-8d67-4e5f-1g45-6h78d9i12e34}</UniqueIdentifier>
    </Filter>
    <Filter Include="Header Files\system">
      <UniqueIdentifier>{c6g07h54-9e78-4f6g-2h56-7i89e0j23f45}</UniqueIdentifier>
    </Filter>
    <Filter Include="Header Files\util">
      <UniqueIdentifier>{d7h18i65-0f89-4g7h-3i67-8j90f1k34g56}</UniqueIdentifier>
    </Filter>
  </ItemGroup>
  <ItemGroup>
    <ClCompile Include="stdafx.cpp">
      <Filter>Source Files</Filter>
    </ClCompile>
    <ClCompile Include="netwatch.cpp">
      <Filter>Source Files</Filter>
    </ClCompile>
    <ClCompile Include="MainFrm.cpp">
      <Filter>Source Files</Filter>
    </ClCompile>
    <ClCompile Include="View.cpp">
      <Filter>Source Files</Filter>
    </ClCompile>
    <ClCompile Include="AboutDlg.cpp">
      <Filter>Source Files</Filter>
    </ClCompile>
    <ClCompile Include="PropertiesDialog.cpp">
      <Filter>Source Files</Filter>
    </ClCompile>
    <ClCompile Include="net\TcpEnumerator.cpp">
      <Filter>Source Files\net</Filter>
    </ClCompile>
    <ClCompile Include="net\UdpEnumerator.cpp">
      <Filter>Source Files\net</Filter>
    </ClCompile>
    <ClCompile Include="net\ConnectionStatsProvider.cpp">
      <Filter>Source Files\net</Filter>
    </ClCompile>
    <ClCompile Include="system\ProcessInfo.cpp">
      <Filter>Source Files\system</Filter>
    </ClCompile>
    <ClCompile Include="system\IntegrityLevelResolver.cpp">
      <Filter>Source Files\system</Filter>
    </ClCompile>
    <ClCompile Include="util\AddressFormatter.cpp">
      <Filter>Source Files\util</Filter>
    </ClCompile>
    <ClCompile Include="util\HandleGuard.cpp">
      <Filter>Source Files\util</Filter>
    </ClCompile>
    <ClCompile Include="util\CommandLineParser.cpp">
      <Filter>Source Files\util</Filter>
    </ClCompile>
    <ClCompile Include="ProcessUtil.cpp">
      <Filter>Source Files\util</Filter>
    </ClCompile>
    <ClCompile Include="util\MessageBox.cpp">
      <Filter>Source Files</Filter>
    </ClCompile>
    <ClCompile Include="util\StringConversion.cpp">
      <Filter>Source Files</Filter>
    </ClCompile>
    <ClCompile Include="util\WindowsError.cpp">
      <Filter>Source Files</Filter>
    </ClCompile>
  </ItemGroup>
  <ItemGroup>
    <ClInclude Include="stdafx.h">
      <Filter>Header Files</Filter>
    </ClInclude>
    <ClInclude Include="MainFrm.h">
      <Filter>Header Files</Filter>
    </ClInclude>
    <ClInclude Include="View.h">
      <Filter>Header Files</Filter>
    </ClInclude>
    <ClInclude Include="AboutDlg.h">
      <Filter>Header Files</Filter>
    </ClInclude>
    <ClInclude Include="FilterDlg.h">
      <Filter>Header Files</Filter>
    </ClInclude>
    <ClInclude Include="PropertiesDialog.h">
      <Filter>Header Files</Filter>
    </ClInclude>
    <ClInclude Include="resource.h">
      <Filter>Header Files</Filter>
    </ClInclude>
    <ClInclude Include="net\TcpEnumerator.h">
      <Filter>Header Files\net</Filter>
    </ClInclude>
    <ClInclude Include="net\UdpEnumerator.h">
      <Filter>Header Files\net</Filter>
    </ClInclude>
    <ClInclude Include="net\ConnectionStatsProvider.h">
      <Filter>Header Files\net</Filter>
    </ClInclude>
    <ClInclude Include="system\ProcessInfo.h">
      <Filter>Header Files\system</Filter>
    </ClInclude>
    <ClInclude Include="system\IntegrityLevelResolver.h">
      <Filter>Header Files\system</Filter>
    </ClInclude>
    <ClInclude Include="util\AddressFormatter.h">
      <Filter>Header Files\util</Filter>
    </ClInclude>
    <ClInclude Include="util\HandleGuard.h">
      <Filter>Header Files\util</Filter>
    </ClInclude>
    <ClInclude Include="util\CommandLineParser.h">
      <Filter>Header Files\util</Filter>
    </ClInclude>
    <ClInclude Include="util\Types.h">
      <Filter>Header Files\util</Filter>
    </ClInclude>
    <ClInclude Include="ProcessUtil.hpp">
      <Filter>Header Files\util</Filter>
    </ClInclude>
    <ClInclude Include="util\MessageBox.h">
      <Filter>Header Files</Filter>
    </ClInclude>
    <ClInclude Include="util\StringConversion.h">
      <Filter>Header Files</Filter>
    </ClInclude>
    <ClInclude Include="util\WindowsError.h">
      <Filter>Header Files</Filter>
    </ClInclude>
    <ClInclude Include="util\Error.h">
      <Filter>Header Files</Filter>
    </ClInclude>
  </ItemGroup>
  <ItemGroup>
    <ResourceCompile Include="netwatch.rc">
      <Filter>Resource Files</Filter>
    </ResourceCompile>
  </ItemGroup>
  <ItemGroup>
    <Image Include="res\toolbar.bmp">
      <Filter>Resource Files</Filter>
    </Image>
    <Image Include="res\logo.ico">
      <Filter>Resource Files</Filter>
    </Image>
  </ItemGroup>
</Project>